{
  "name": "2025-05-hawk-high",
  "version": "1.0.0",
  "lockfileVersion": 3,
  "requires": true,
  "packages": {
    "": {
      "name": "2025-05-hawk-high",
      "version": "1.0.0",
      "license": "ISC",
      "devDependencies": {
        "@perimetersec/fuzzlib": "^0.3.1"
      }
    },
    "node_modules/@perimetersec/fuzzlib": {
      "version": "0.3.1",
      "resolved": "https://registry.npmjs.org/@perimetersec/fuzzlib/-/fuzzlib-0.3.1.tgz",
      "integrity": "sha512-rfu1FBThYkNOkueSVbabEA7caF2d/EFLcjmyao1ufREXVgheplaThGMIVykAbLQlMJE8+eUkQ4rbUVnhykQKNg==",
      "dev": true
    }
  }
}
